
Microsoft Visual Studio Solution File, Format Version 12.00
# Visual Studio 15
VisualStudioVersion = 15.0.28307.106
MinimumVisualStudioVersion = 10.0.40219.1
Project("{FAE04EC0-301F-11D3-BF4B-00C04F79EFBC}") = "App02_TipoPaginaXF.Android", "App02_TipoPaginaXF\App02_TipoPaginaXF.Android\App02_TipoPaginaXF.Android.csproj", "{A7C32209-F201-45B5-ACA8-937DB52226AF}"
EndProject
Project("{FAE04EC0-301F-11D3-BF4B-00C04F79EFBC}") = "App02_TipoPaginaXF", "App02_TipoPaginaXF\App02_TipoPaginaXF\App02_TipoPaginaXF.csproj", "{A925A407-3495-4CFB-9216-F0AA700EF06F}"
EndProject
Global
	GlobalSection(SolutionConfigurationPlatforms) = preSolution
		Ad-Hoc|Any CPU = Ad-Hoc|Any CPU
		Ad-Hoc|iPhone = Ad-Hoc|iPhone
		Ad-Hoc|iPhoneSimulator = Ad-Hoc|iPhoneSimulator
		AppStore|Any CPU = AppStore|Any CPU
		AppStore|iPhone = AppStore|iPhone
		AppStore|iPhoneSimulator = AppStore|iPhoneSimulator
		Debug|Any CPU = Debug|Any CPU
		Debug|iPhone = Debug|iPhone
		Debug|iPhoneSimulator = Debug|iPhoneSimulator
		Release|Any CPU = Release|Any CPU
		Release|iPhone = Release|iPhone
		Release|iPhoneSimulator = Release|iPhoneSimulator
	EndGlobalSection
	GlobalSection(ProjectConfigurationPlatforms) = postSolution
		{A7C32209-F201-45B5-ACA8-937DB52226AF}.Ad-Hoc|Any CPU.ActiveCfg = Release|Any CPU
		{A7C32209-F201-45B5-ACA8-937DB52226AF}.Ad-Hoc|Any CPU.Build.0 = Release|Any CPU
		{A7C32209-F201-45B5-ACA8-937DB52226AF}.Ad-Hoc|Any CPU.Deploy.0 = Release|Any CPU
		{A7C32209-F201-45B5-ACA8-937DB52226AF}.Ad-Hoc|iPhone.ActiveCfg = Release|Any CPU
		{A7C32209-F201-45B5-ACA8-937DB52226AF}.Ad-Hoc|iPhone.Build.0 = Release|Any CPU
		{A7C32209-F201-45B5-ACA8-937DB52226AF}.Ad-Hoc|iPhone.Deploy.0 = Release|Any CPU
		{A7C32209-F201-45B5-ACA8-937DB52226AF}.Ad-Hoc|iPhoneSimulator.ActiveCfg = Release|Any CPU
		{A7C32209-F201-45B5-ACA8-937DB52226AF}.Ad-Hoc|iPhoneSimulator.Build.0 = Release|Any CPU
		{A7C32209-F201-45B5-ACA8-937DB52226AF}.Ad-Hoc|iPhoneSimulator.Deploy.0 = Release|Any CPU
		{A7C32209-F201-45B5-ACA8-937DB52226AF}.AppStore|Any CPU.ActiveCfg = Release|Any CPU
		{A7C32209-F201-45B5-ACA8-937DB52226AF}.AppStore|Any CPU.Build.0 = Release|Any CPU
		{A7C32209-F201-45B5-ACA8-937DB52226AF}.AppStore|Any CPU.Deploy.0 = Release|Any CPU
		{A7C32209-F201-45B5-ACA8-937DB52226AF}.AppStore|iPhone.ActiveCfg = Release|Any CPU
		{A7C32209-F201-45B5-ACA8-937DB52226AF}.AppStore|iPhone.Build.0 = Release|Any CPU
		{A7C32209-F201-45B5-ACA8-937DB52226AF}.AppStore|iPhone.Deploy.0 = Release|Any CPU
		{A7C32209-F201-45B5-ACA8-937DB52226AF}.AppStore|iPhoneSimulator.ActiveCfg = Release|Any CPU
		{A7C32209-F201-45B5-ACA8-937DB52226AF}.AppStore|iPhoneSimulator.Build.0 = Release|Any CPU
		{A7C32209-F201-45B5-ACA8-937DB52226AF}.AppStore|iPhoneSimulator.Deploy.0 = Release|Any CPU
		{A7C32209-F201-45B5-ACA8-937DB52226AF}.Debug|Any CPU.ActiveCfg = Debug|Any CPU
		{A7C32209-F201-45B5-ACA8-937DB52226AF}.Debug|Any CPU.Build.0 = Debug|Any CPU
		{A7C32209-F201-45B5-ACA8-937DB52226AF}.Debug|Any CPU.Deploy.0 = Debug|Any CPU
		{A7C32209-F201-45B5-ACA8-937DB52226AF}.Debug|iPhone.ActiveCfg = Debug|Any CPU
		{A7C32209-F201-45B5-ACA8-937DB52226AF}.Debug|iPhone.Build.0 = Debug|Any CPU
		{A7C32209-F201-45B5-ACA8-937DB52226AF}.Debug|iPhone.Deploy.0 = Debug|Any CPU
		{A7C32209-F201-45B5-ACA8-937DB52226AF}.Debug|iPhoneSimulator.ActiveCfg = Debug|Any CPU
		{A7C32209-F201-45B5-ACA8-937DB52226AF}.Debug|iPhoneSimulator.Build.0 = Debug|Any CPU
		{A7C32209-F201-45B5-ACA8-937DB52226AF}.Debug|iPhoneSimulator.Deploy.0 = Debug|Any CPU
		{A7C32209-F201-45B5-ACA8-937DB52226AF}.Release|Any CPU.ActiveCfg = Release|Any CPU
		{A7C32209-F201-45B5-ACA8-937DB52226AF}.Release|Any CPU.Build.0 = Release|Any CPU
		{A7C32209-F201-45B5-ACA8-937DB52226AF}.Release|Any CPU.Deploy.0 = Release|Any CPU
		{A7C32209-F201-45B5-ACA8-937DB52226AF}.Release|iPhone.ActiveCfg = Release|Any CPU
		{A7C32209-F201-45B5-ACA8-937DB52226AF}.Release|iPhone.Build.0 = Release|Any CPU
		{A7C32209-F201-45B5-ACA8-937DB52226AF}.Release|iPhone.Deploy.0 = Release|Any CPU
		{A7C32209-F201-45B5-ACA8-937DB52226AF}.Release|iPhoneSimulator.ActiveCfg = Release|Any CPU
		{A7C32209-F201-45B5-ACA8-937DB52226AF}.Release|iPhoneSimulator.Build.0 = Release|Any CPU
		{A7C32209-F201-45B5-ACA8-937DB52226AF}.Release|iPhoneSimulator.Deploy.0 = Release|Any CPU
		{A925A407-3495-4CFB-9216-F0AA700EF06F}.Ad-Hoc|Any CPU.ActiveCfg = Debug|Any CPU
		{A925A407-3495-4CFB-9216-F0AA700EF06F}.Ad-Hoc|Any CPU.Build.0 = Debug|Any CPU
		{A925A407-3495-4CFB-9216-F0AA700EF06F}.Ad-Hoc|Any CPU.Deploy.0 = Debug|Any CPU
		{A925A407-3495-4CFB-9216-F0AA700EF06F}.Ad-Hoc|iPhone.ActiveCfg = Debug|Any CPU
		{A925A407-3495-4CFB-9216-F0AA700EF06F}.Ad-Hoc|iPhone.Build.0 = Debug|Any CPU
		{A925A407-3495-4CFB-9216-F0AA700EF06F}.Ad-Hoc|iPhone.Deploy.0 = Debug|Any CPU
		{A925A407-3495-4CFB-9216-F0AA700EF06F}.Ad-Hoc|iPhoneSimulator.ActiveCfg = Debug|Any CPU
		{A925A407-3495-4CFB-9216-F0AA700EF06F}.Ad-Hoc|iPhoneSimulator.Build.0 = Debug|Any CPU
		{A925A407-3495-4CFB-9216-F0AA700EF06F}.Ad-Hoc|iPhoneSimulator.Deploy.0 = Debug|Any CPU
		{A925A407-3495-4CFB-9216-F0AA700EF06F}.AppStore|Any CPU.ActiveCfg = Debug|Any CPU
		{A925A407-3495-4CFB-9216-F0AA700EF06F}.AppStore|Any CPU.Build.0 = Debug|Any CPU
		{A925A407-3495-4CFB-9216-F0AA700EF06F}.AppStore|Any CPU.Deploy.0 = Debug|Any CPU
		{A925A407-3495-4CFB-9216-F0AA700EF06F}.AppStore|iPhone.ActiveCfg = Debug|Any CPU
		{A925A407-3495-4CFB-9216-F0AA700EF06F}.AppStore|iPhone.Build.0 = Debug|Any CPU
		{A925A407-3495-4CFB-9216-F0AA700EF06F}.AppStore|iPhone.Deploy.0 = Debug|Any CPU
		{A925A407-3495-4CFB-9216-F0AA700EF06F}.AppStore|iPhoneSimulator.ActiveCfg = Debug|Any CPU
		{A925A407-3495-4CFB-9216-F0AA700EF06F}.AppStore|iPhoneSimulator.Build.0 = Debug|Any CPU
		{A925A407-3495-4CFB-9216-F0AA700EF06F}.AppStore|iPhoneSimulator.Deploy.0 = Debug|Any CPU
		{A925A407-3495-4CFB-9216-F0AA700EF06F}.Debug|Any CPU.ActiveCfg = Debug|Any CPU
		{A925A407-3495-4CFB-9216-F0AA700EF06F}.Debug|Any CPU.Build.0 = Debug|Any CPU
		{A925A407-3495-4CFB-9216-F0AA700EF06F}.Debug|Any CPU.Deploy.0 = Debug|Any CPU
		{A925A407-3495-4CFB-9216-F0AA700EF06F}.Debug|iPhone.ActiveCfg = Debug|Any CPU
		{A925A407-3495-4CFB-9216-F0AA700EF06F}.Debug|iPhone.Build.0 = Debug|Any CPU
		{A925A407-3495-4CFB-9216-F0AA700EF06F}.Debug|iPhone.Deploy.0 = Debug|Any CPU
		{A925A407-3495-4CFB-9216-F0AA700EF06F}.Debug|iPhoneSimulator.ActiveCfg = Debug|Any CPU
		{A925A407-3495-4CFB-9216-F0AA700EF06F}.Debug|iPhoneSimulator.Build.0 = Debug|Any CPU
		{A925A407-3495-4CFB-9216-F0AA700EF06F}.Debug|iPhoneSimulator.Deploy.0 = Debug|Any CPU
		{A925A407-3495-4CFB-9216-F0AA700EF06F}.Release|Any CPU.ActiveCfg = Release|Any CPU
		{A925A407-3495-4CFB-9216-F0AA700EF06F}.Release|Any CPU.Build.0 = Release|Any CPU
		{A925A407-3495-4CFB-9216-F0AA700EF06F}.Release|Any CPU.Deploy.0 = Release|Any CPU
		{A925A407-3495-4CFB-9216-F0AA700EF06F}.Release|iPhone.ActiveCfg = Release|Any CPU
		{A925A407-3495-4CFB-9216-F0AA700EF06F}.Release|iPhone.Build.0 = Release|Any CPU
		{A925A407-3495-4CFB-9216-F0AA700EF06F}.Release|iPhone.Deploy.0 = Release|Any CPU
		{A925A407-3495-4CFB-9216-F0AA700EF06F}.Release|iPhoneSimulator.ActiveCfg = Release|Any CPU
		{A925A407-3495-4CFB-9216-F0AA700EF06F}.Release|iPhoneSimulator.Build.0 = Release|Any CPU
		{A925A407-3495-4CFB-9216-F0AA700EF06F}.Release|iPhoneSimulator.Deploy.0 = Release|Any CPU
	EndGlobalSection
	GlobalSection(SolutionProperties) = preSolution
		HideSolutionNode = FALSE
	EndGlobalSection
	GlobalSection(ExtensibilityGlobals) = postSolution
		SolutionGuid = {03475951-F26F-472D-ADB0-A0D9FBB2C594}
	EndGlobalSection
EndGlobal
